// !$*UTF8*$!
{
	archiveVersion = 1;
	classes = {
	};
	objectVersion = 46;
	objects = {

/* Begin PBXBuildFile section */
		1F59004FA5F503534E81FD35 /* LogoViewController.m in Sources */ = {isa = PBXBuildFile; fileRef = 1F59052C3D773AD597CDCD7E /* LogoViewController.m */; };
		1F590165FAE32D063740A11D /* settings.json in Resources */ = {isa = PBXBuildFile; fileRef = 1F5905EB8028C1A1852CA2FB /* settings.json */; };
		1F5901E0519A9A8D812EC0E4 /* Lato-LightItalic.ttf in Resources */ = {isa = PBXBuildFile; fileRef = 1F590630009C038991552D2C /* Lato-LightItalic.ttf */; };
		1F59025C065C9D355AF44F9A /* DurationFormatter.m in Sources */ = {isa = PBXBuildFile; fileRef = 1F590F684A5A9AB15E84B38B /* DurationFormatter.m */; };
		1F590286CFE639A1C62CAF2B /* lookupInterval.json in Resources */ = {isa = PBXBuildFile; fileRef = 1F590E77748C5BC1F308D68A /* lookupInterval.json */; };
		1F5902FC86102945E7EC5A3C /* UIImage+BlurredFilter.m in Sources */ = {isa = PBXBuildFile; fileRef = 1F59078D870D907D9E188EA3 /* UIImage+BlurredFilter.m */; };
		1F59030F7430DB4A71CCF449 /* RootView.m in Sources */ = {isa = PBXBuildFile; fileRef = 1F590C46662875608AA27374 /* RootView.m */; };
		1F59034C9C9CD60D2E69EF8C /* KeyValueTableViewCell.m in Sources */ = {isa = PBXBuildFile; fileRef = 1F590EFB78FF652269DD456A /* KeyValueTableViewCell.m */; };
		1F59042F243DCEE66062054E /* FetchOrganizationsOperation.m in Sources */ = {isa = PBXBuildFile; fileRef = 1F59012E04682A617AC69EBC /* FetchOrganizationsOperation.m */; };
		1F5904612B3FCBD03E7CEABF /* OrganizationSingleSelectTableViewCell.m in Sources */ = {isa = PBXBuildFile; fileRef = 1F5903067CDE9A7A57705E48 /* OrganizationSingleSelectTableViewCell.m */; };
		1F59049227AD4BEC7836CE9A /* Lato-SemiboldItalic.ttf in Resources */ = {isa = PBXBuildFile; fileRef = 1F590BDA7D80B949EF4CAB13 /* Lato-SemiboldItalic.ttf */; };
		1F5904A39FC2385C34CADB1A /* PresentationViewController.m in Sources */ = {isa = PBXBuildFile; fileRef = 1F590EC9F1D46E99D6A23359 /* PresentationViewController.m */; };
		1F59052044A0D7D191D53B9E /* SlideshowController.m in Sources */ = {isa = PBXBuildFile; fileRef = 1F59060C40BFD66FAEAFA0DA /* SlideshowController.m */; };
		1F59062F5AD40C77FBA6A388 /* IntegerFormatter.m in Sources */ = {isa = PBXBuildFile; fileRef = 1F590108AAC343965AD85E23 /* IntegerFormatter.m */; };
		1F59064B32106C93CD62CC8A /* RootViewController.m in Sources */ = {isa = PBXBuildFile; fileRef = 1F590D625719F26AB670D767 /* RootViewController.m */; };
		1F590653EAE37CD105664542 /* AvatarView.m in Sources */ = {isa = PBXBuildFile; fileRef = 1F590A451DFC04AAEA33F32F /* AvatarView.m */; };
		1F590669F1BD40C7589B80E6 /* slideCount.json in Resources */ = {isa = PBXBuildFile; fileRef = 1F590B66F3D6E2E0E4C13F24 /* slideCount.json */; };
		1F59066E6B9F12BFF1D75826 /* Lato-Light.ttf in Resources */ = {isa = PBXBuildFile; fileRef = 1F590E34EC54081E1062ACC3 /* Lato-Light.ttf */; };
		1F590723CC9C0616A4A039FC /* MessageTableViewCell.m in Sources */ = {isa = PBXBuildFile; fileRef = 1F590FE94767CB5ABBE53ACA /* MessageTableViewCell.m */; };
		1F5907383CD288BC6A913D85 /* PresentationView.m in Sources */ = {isa = PBXBuildFile; fileRef = 1F590602051A88B409BD639C /* PresentationView.m */; };
		1F59075147C6D82D61560397 /* MomentsViewController.m in Sources */ = {isa = PBXBuildFile; fileRef = 1F590B4C3B7FD1B7CA9ED1B8 /* MomentsViewController.m */; };
		1F59077B975FF27936FDF39F /* BooleanFormatter.m in Sources */ = {isa = PBXBuildFile; fileRef = 1F59097D102420827CF2524B /* BooleanFormatter.m */; };
		1F5907F053AB779BC7B540A6 /* OverviewViewController.m in Sources */ = {isa = PBXBuildFile; fileRef = 1F5905BB2CFE6A12C8DDC908 /* OverviewViewController.m */; };
		1F59081CFCFC048521ABC47C /* BaseSettingsViewController.m in Sources */ = {isa = PBXBuildFile; fileRef = 1F590119A47860C8B0FB2177 /* BaseSettingsViewController.m */; };
		1F59085FFC5A91049F2AA87E /* SwitchTableViewCell.m in Sources */ = {isa = PBXBuildFile; fileRef = 1F590533229283E6DD552F1F /* SwitchTableViewCell.m */; };
		1F5908D0F686A9FA337E9A75 /* Lato-Medium.ttf in Resources */ = {isa = PBXBuildFile; fileRef = 1F590D3D3C2A95F7D3ABA124 /* Lato-Medium.ttf */; };
		1F59096A96F8CD56986953BD /* SettingsController.m in Sources */ = {isa = PBXBuildFile; fileRef = 1F5902B08AC002B3E21728F8 /* SettingsController.m */; };
		1F5909B5BCD5C296008AE6D2 /* Lato-Bold.ttf in Resources */ = {isa = PBXBuildFile; fileRef = 1F5902EABFC45C1AEE3FEBAB /* Lato-Bold.ttf */; };
		1F590A4854F6907900992943 /* OverviewView.m in Sources */ = {isa = PBXBuildFile; fileRef = 1F590011A4F22D2509BD2AF6 /* OverviewView.m */; };
		1F590B10CE4D7F3757E589C7 /* SettingsSection.m in Sources */ = {isa = PBXBuildFile; fileRef = 1F590C8BB2D7BE1D425160A8 /* SettingsSection.m */; };
		1F590B2BCB4764C5A9337A63 /* Lato-BoldItalic.ttf in Resources */ = {isa = PBXBuildFile; fileRef = 1F590AC427B3595049BBF180 /* Lato-BoldItalic.ttf */; };
		1F590BA96964C4C52F0EF38C /* Lato-Regular.ttf in Resources */ = {isa = PBXBuildFile; fileRef = 1F5905EE5C29FC8FBCAE090E /* Lato-Regular.ttf */; };
		1F590BB85DEAB242D56F7F1A /* Lato-ThinItalic.ttf in Resources */ = {isa = PBXBuildFile; fileRef = 1F590572ED87ADEC71216039 /* Lato-ThinItalic.ttf */; };
		1F590BBB92A7694A0CE4D044 /* Lato-Thin.ttf in Resources */ = {isa = PBXBuildFile; fileRef = 1F590BFE9AA82F8D5B2398CC /* Lato-Thin.ttf */; };
		1F590BC4ADE659F14B959568 /* OrganizationSettingsViewController.m in Sources */ = {isa = PBXBuildFile; fileRef = 1F590F4339614C4F278153F3 /* OrganizationSettingsViewController.m */; };
		1F590CA3C3EDE82660200B2E /* SettingsField.m in Sources */ = {isa = PBXBuildFile; fileRef = 1F5908ED8E5B1BA7E4F11E1B /* SettingsField.m */; };
		1F590CF446CFA7B78F94678C /* Lato-MediumItalic.ttf in Resources */ = {isa = PBXBuildFile; fileRef = 1F590DC97DF6974A05ACE13E /* Lato-MediumItalic.ttf */; };
		1F590D071DFDBE1AD4999747 /* Moment.m in Sources */ = {isa = PBXBuildFile; fileRef = 1F590A32D84EEEBA92A8E7A4 /* Moment.m */; };
		1F590D1C2B5FAF67B09371DD /* SettingsViewController.m in Sources */ = {isa = PBXBuildFile; fileRef = 1F5901FBD8D78E74AC76969E /* SettingsViewController.m */; };
		1F590D3683676B840CF0B515 /* LogoView.m in Sources */ = {isa = PBXBuildFile; fileRef = 1F5904A660E66881AC68BF43 /* LogoView.m */; };
		1F590D6B8920A0EC0877F385 /* SlideView.m in Sources */ = {isa = PBXBuildFile; fileRef = 1F590BB9C9EBFAEF6BA59C82 /* SlideView.m */; };
		1F590DD2C65743AA45F98707 /* SingleSelectTableViewCell.m in Sources */ = {isa = PBXBuildFile; fileRef = 1F5902F0DC551CA6ACA6F87A /* SingleSelectTableViewCell.m */; };
		1F590DEF41D735A99D88F364 /* remote.json in Resources */ = {isa = PBXBuildFile; fileRef = 1F590843FB43DA3AAAD62102 /* remote.json */; };
		1F590E3EB9D859E75100B631 /* slideDuration.json in Resources */ = {isa = PBXBuildFile; fileRef = 1F59098DFC4B859C84DC2DC0 /* slideDuration.json */; };
		1F590F42B43CFBECFF8DD577 /* MomentViewCell.m in Sources */ = {isa = PBXBuildFile; fileRef = 1F590D0864B29CDB2406DDDF /* MomentViewCell.m */; };
		1F590F619DF99E24A6A49233 /* organization.json in Resources */ = {isa = PBXBuildFile; fileRef = 1F59015C9AA60A3B5AD9E474 /* organization.json */; };
		1F590F8AA9737B6E111C3664 /* Settings.m in Sources */ = {isa = PBXBuildFile; fileRef = 1F59006D58346A8B97D9346E /* Settings.m */; };
		1F590FD3BB631E59C4EDCD54 /* BaseSettingsTableViewCell.m in Sources */ = {isa = PBXBuildFile; fileRef = 1F5901C3F7589F9477C4538C /* BaseSettingsTableViewCell.m */; };
		1F590FF1C4B4275E7FAC594C /* Lato-Semibold.ttf in Resources */ = {isa = PBXBuildFile; fileRef = 1F59080DEF06B3546F80B828 /* Lato-Semibold.ttf */; };
		1F590FF9D2AD72AB4E57E4A4 /* Lato-Italic.ttf in Resources */ = {isa = PBXBuildFile; fileRef = 1F5904A9F3626A26BAC270B1 /* Lato-Italic.ttf */; };
		455D8D181B4AEAC9009541CE /* Localizable.strings in Resources */ = {isa = PBXBuildFile; fileRef = 455D8D1A1B4AEAC9009541CE /* Localizable.strings */; };
		457C073E1B1E12760035F784 /* main.m in Sources */ = {isa = PBXBuildFile; fileRef = 457C073D1B1E12760035F784 /* main.m */; };
		457C07411B1E12760035F784 /* AppDelegate.m in Sources */ = {isa = PBXBuildFile; fileRef = 457C07401B1E12760035F784 /* AppDelegate.m */; };
		457C07491B1E12760035F784 /* Images.xcassets in Resources */ = {isa = PBXBuildFile; fileRef = 457C07481B1E12760035F784 /* Images.xcassets */; };
		457C074C1B1E12760035F784 /* LaunchScreen.xib in Resources */ = {isa = PBXBuildFile; fileRef = 457C074A1B1E12760035F784 /* LaunchScreen.xib */; };
		457C07581B1E12760035F784 /* ExhibitTests.m in Sources */ = {isa = PBXBuildFile; fileRef = 457C07571B1E12760035F784 /* ExhibitTests.m */; };
		457C07681B1E15850035F784 /* StorageClient.m in Sources */ = {isa = PBXBuildFile; fileRef = 457C07671B1E15850035F784 /* StorageClient.m */; };
		BABDC2132DCD28AC2FAD1104 /* libPods.a in Frameworks */ = {isa = PBXBuildFile; fileRef = 0870BAD09C97D02B006F502F /* libPods.a */; };
/* End PBXBuildFile section */

/* Begin PBXContainerItemProxy section */
		457C07521B1E12760035F784 /* PBXContainerItemProxy */ = {
			isa = PBXContainerItemProxy;
			containerPortal = 457C07301B1E12750035F784 /* Project object */;
			proxyType = 1;
			remoteGlobalIDString = 457C07371B1E12750035F784;
			remoteInfo = Exhibit;
		};
/* End PBXContainerItemProxy section */

/* Begin PBXFileReference section */
		0870BAD09C97D02B006F502F /* libPods.a */ = {isa = PBXFileReference; explicitFileType = archive.ar; includeInIndex = 0; path = libPods.a; sourceTree = BUILT_PRODUCTS_DIR; };
		1F590011A4F22D2509BD2AF6 /* OverviewView.m */ = {isa = PBXFileReference; fileEncoding = 4; lastKnownFileType = sourcecode.c.objc; path = OverviewView.m; sourceTree = "<group>"; };
		1F5900184B417DACF1411EEF /* SwitchTableViewCell.h */ = {isa = PBXFileReference; fileEncoding = 4; lastKnownFileType = sourcecode.c.h; path = SwitchTableViewCell.h; sourceTree = "<group>"; };
		1F59006D58346A8B97D9346E /* Settings.m */ = {isa = PBXFileReference; fileEncoding = 4; lastKnownFileType = sourcecode.c.objc; path = Settings.m; sourceTree = "<group>"; };
		1F5900B073968DF9E76D1084 /* Moment.h */ = {isa = PBXFileReference; fileEncoding = 4; lastKnownFileType = sourcecode.c.h; path = Moment.h; sourceTree = "<group>"; };
		1F590108AAC343965AD85E23 /* IntegerFormatter.m */ = {isa = PBXFileReference; fileEncoding = 4; lastKnownFileType = sourcecode.c.objc; path = IntegerFormatter.m; sourceTree = "<group>"; };
		1F590119A47860C8B0FB2177 /* BaseSettingsViewController.m */ = {isa = PBXFileReference; fileEncoding = 4; lastKnownFileType = sourcecode.c.objc; path = BaseSettingsViewController.m; sourceTree = "<group>"; };
		1F59012E04682A617AC69EBC /* FetchOrganizationsOperation.m */ = {isa = PBXFileReference; fileEncoding = 4; lastKnownFileType = sourcecode.c.objc; path = FetchOrganizationsOperation.m; sourceTree = "<group>"; };
		1F59015C9AA60A3B5AD9E474 /* organization.json */ = {isa = PBXFileReference; lastKnownFileType = file.json; path = organization.json; sourceTree = "<group>"; };
		1F5901A2032FFC9DE41A0640 /* Settings.h */ = {isa = PBXFileReference; fileEncoding = 4; lastKnownFileType = sourcecode.c.h; path = Settings.h; sourceTree = "<group>"; };
		1F5901C3F7589F9477C4538C /* BaseSettingsTableViewCell.m */ = {isa = PBXFileReference; fileEncoding = 4; lastKnownFileType = sourcecode.c.objc; path = BaseSettingsTableViewCell.m; sourceTree = "<group>"; };
		1F5901D8DB5D28A8654B684C /* PresentationViewController.h */ = {isa = PBXFileReference; fileEncoding = 4; lastKnownFileType = sourcecode.c.h; path = PresentationViewController.h; sourceTree = "<group>"; };
		1F5901FBD8D78E74AC76969E /* SettingsViewController.m */ = {isa = PBXFileReference; fileEncoding = 4; lastKnownFileType = sourcecode.c.objc; path = SettingsViewController.m; sourceTree = "<group>"; };
		1F59020590770BAB9875B0D6 /* MessageTableViewCell.h */ = {isa = PBXFileReference; fileEncoding = 4; lastKnownFileType = sourcecode.c.h; path = MessageTableViewCell.h; sourceTree = "<group>"; };
		1F590227F5B736B585B9CD85 /* MomentsViewController.h */ = {isa = PBXFileReference; fileEncoding = 4; lastKnownFileType = sourcecode.c.h; path = MomentsViewController.h; sourceTree = "<group>"; };
		1F59026F12EE1EE13E9D334F /* BaseSettingsTableViewCell.h */ = {isa = PBXFileReference; fileEncoding = 4; lastKnownFileType = sourcecode.c.h; path = BaseSettingsTableViewCell.h; sourceTree = "<group>"; };
		1F59027CDDD6503D6B54D965 /* DurationFormatter.h */ = {isa = PBXFileReference; fileEncoding = 4; lastKnownFileType = sourcecode.c.h; path = DurationFormatter.h; sourceTree = "<group>"; };
		1F5902B08AC002B3E21728F8 /* SettingsController.m */ = {isa = PBXFileReference; fileEncoding = 4; lastKnownFileType = sourcecode.c.objc; path = SettingsController.m; sourceTree = "<group>"; };
		1F5902B1916F80200FFDA08C /* OverviewViewController.h */ = {isa = PBXFileReference; fileEncoding = 4; lastKnownFileType = sourcecode.c.h; path = OverviewViewController.h; sourceTree = "<group>"; };
		1F5902C3B20B2DCFCAD7C625 /* RootViewController.h */ = {isa = PBXFileReference; fileEncoding = 4; lastKnownFileType = sourcecode.c.h; path = RootViewController.h; sourceTree = "<group>"; };
		1F5902DB21587CE9B3F6F709 /* LogoViewController.h */ = {isa = PBXFileReference; fileEncoding = 4; lastKnownFileType = sourcecode.c.h; path = LogoViewController.h; sourceTree = "<group>"; };
		1F5902EABFC45C1AEE3FEBAB /* Lato-Bold.ttf */ = {isa = PBXFileReference; lastKnownFileType = file.ttf; path = "Lato-Bold.ttf"; sourceTree = "<group>"; };
		1F5902F0DC551CA6ACA6F87A /* SingleSelectTableViewCell.m */ = {isa = PBXFileReference; fileEncoding = 4; lastKnownFileType = sourcecode.c.objc; path = SingleSelectTableViewCell.m; sourceTree = "<group>"; };
		1F5903067CDE9A7A57705E48 /* OrganizationSingleSelectTableViewCell.m */ = {isa = PBXFileReference; fileEncoding = 4; lastKnownFileType = sourcecode.c.objc; path = OrganizationSingleSelectTableViewCell.m; sourceTree = "<group>"; };
		1F590435C9062005B1C26D7C /* IntegerFormatter.h */ = {isa = PBXFileReference; fileEncoding = 4; lastKnownFileType = sourcecode.c.h; path = IntegerFormatter.h; sourceTree = "<group>"; };
		1F590479CA003285C8B2E3FE /* OverviewView.h */ = {isa = PBXFileReference; fileEncoding = 4; lastKnownFileType = sourcecode.c.h; path = OverviewView.h; sourceTree = "<group>"; };
		1F5904A660E66881AC68BF43 /* LogoView.m */ = {isa = PBXFileReference; fileEncoding = 4; lastKnownFileType = sourcecode.c.objc; path = LogoView.m; sourceTree = "<group>"; };
		1F5904A9F3626A26BAC270B1 /* Lato-Italic.ttf */ = {isa = PBXFileReference; lastKnownFileType = file.ttf; path = "Lato-Italic.ttf"; sourceTree = "<group>"; };
		1F5904D8E9B7D5F0F91F58EF /* MomentViewCell.h */ = {isa = PBXFileReference; fileEncoding = 4; lastKnownFileType = sourcecode.c.h; path = MomentViewCell.h; sourceTree = "<group>"; };
		1F5904DAF91D786443BC8069 /* Formatting.h */ = {isa = PBXFileReference; fileEncoding = 4; lastKnownFileType = sourcecode.c.h; path = Formatting.h; sourceTree = "<group>"; };
		1F59052C3D773AD597CDCD7E /* LogoViewController.m */ = {isa = PBXFileReference; fileEncoding = 4; lastKnownFileType = sourcecode.c.objc; path = LogoViewController.m; sourceTree = "<group>"; };
		1F590533229283E6DD552F1F /* SwitchTableViewCell.m */ = {isa = PBXFileReference; fileEncoding = 4; lastKnownFileType = sourcecode.c.objc; path = SwitchTableViewCell.m; sourceTree = "<group>"; };
		1F590572ED87ADEC71216039 /* Lato-ThinItalic.ttf */ = {isa = PBXFileReference; lastKnownFileType = file.ttf; path = "Lato-ThinItalic.ttf"; sourceTree = "<group>"; };
		1F5905BB2CFE6A12C8DDC908 /* OverviewViewController.m */ = {isa = PBXFileReference; fileEncoding = 4; lastKnownFileType = sourcecode.c.objc; path = OverviewViewController.m; sourceTree = "<group>"; };
		1F5905EB8028C1A1852CA2FB /* settings.json */ = {isa = PBXFileReference; lastKnownFileType = file.json; path = settings.json; sourceTree = "<group>"; };
		1F5905EE5C29FC8FBCAE090E /* Lato-Regular.ttf */ = {isa = PBXFileReference; lastKnownFileType = file.ttf; path = "Lato-Regular.ttf"; sourceTree = "<group>"; };
		1F590602051A88B409BD639C /* PresentationView.m */ = {isa = PBXFileReference; fileEncoding = 4; lastKnownFileType = sourcecode.c.objc; path = PresentationView.m; sourceTree = "<group>"; };
		1F59060C40BFD66FAEAFA0DA /* SlideshowController.m */ = {isa = PBXFileReference; fileEncoding = 4; lastKnownFileType = sourcecode.c.objc; path = SlideshowController.m; sourceTree = "<group>"; };
		1F590630009C038991552D2C /* Lato-LightItalic.ttf */ = {isa = PBXFileReference; lastKnownFileType = file.ttf; path = "Lato-LightItalic.ttf"; sourceTree = "<group>"; };
		1F59077A2BC3D42A3079CD6C /* BooleanFormatter.h */ = {isa = PBXFileReference; fileEncoding = 4; lastKnownFileType = sourcecode.c.h; path = BooleanFormatter.h; sourceTree = "<group>"; };
		1F59078D870D907D9E188EA3 /* UIImage+BlurredFilter.m */ = {isa = PBXFileReference; fileEncoding = 4; lastKnownFileType = sourcecode.c.objc; path = "UIImage+BlurredFilter.m"; sourceTree = "<group>"; };
		1F59080321A84AACA73C399B /* BaseSettingsViewController.h */ = {isa = PBXFileReference; fileEncoding = 4; lastKnownFileType = sourcecode.c.h; path = BaseSettingsViewController.h; sourceTree = "<group>"; };
		1F59080DEF06B3546F80B828 /* Lato-Semibold.ttf */ = {isa = PBXFileReference; lastKnownFileType = file.ttf; path = "Lato-Semibold.ttf"; sourceTree = "<group>"; };
		1F590843FB43DA3AAAD62102 /* remote.json */ = {isa = PBXFileReference; lastKnownFileType = file.json; path = remote.json; sourceTree = "<group>"; };
		1F590866B0E612A1CA5579CD /* SlideshowController.h */ = {isa = PBXFileReference; fileEncoding = 4; lastKnownFileType = sourcecode.c.h; path = SlideshowController.h; sourceTree = "<group>"; };
		1F5908ED8E5B1BA7E4F11E1B /* SettingsField.m */ = {isa = PBXFileReference; fileEncoding = 4; lastKnownFileType = sourcecode.c.objc; path = SettingsField.m; sourceTree = "<group>"; };
		1F590932951D55182E73A0A7 /* SettingsViewController.h */ = {isa = PBXFileReference; fileEncoding = 4; lastKnownFileType = sourcecode.c.h; path = SettingsViewController.h; sourceTree = "<group>"; };
		1F590934A9E2392C18581C7C /* SettingsController.h */ = {isa = PBXFileReference; fileEncoding = 4; lastKnownFileType = sourcecode.c.h; path = SettingsController.h; sourceTree = "<group>"; };
		1F59097D102420827CF2524B /* BooleanFormatter.m */ = {isa = PBXFileReference; fileEncoding = 4; lastKnownFileType = sourcecode.c.objc; path = BooleanFormatter.m; sourceTree = "<group>"; };
		1F59098DFC4B859C84DC2DC0 /* slideDuration.json */ = {isa = PBXFileReference; lastKnownFileType = file.json; path = slideDuration.json; sourceTree = "<group>"; };
		1F5909A97DEDC344779B374E /* AvatarView.h */ = {isa = PBXFileReference; fileEncoding = 4; lastKnownFileType = sourcecode.c.h; path = AvatarView.h; sourceTree = "<group>"; };
		1F590A13FF6F8826C037ED5C /* LogoView.h */ = {isa = PBXFileReference; fileEncoding = 4; lastKnownFileType = sourcecode.c.h; path = LogoView.h; sourceTree = "<group>"; };
		1F590A32D84EEEBA92A8E7A4 /* Moment.m */ = {isa = PBXFileReference; fileEncoding = 4; lastKnownFileType = sourcecode.c.objc; path = Moment.m; sourceTree = "<group>"; };
		1F590A451DFC04AAEA33F32F /* AvatarView.m */ = {isa = PBXFileReference; fileEncoding = 4; lastKnownFileType = sourcecode.c.objc; path = AvatarView.m; sourceTree = "<group>"; };
		1F590A6EEEF0241FBAB52E82 /* SingleSelectTableViewCell.h */ = {isa = PBXFileReference; fileEncoding = 4; lastKnownFileType = sourcecode.c.h; path = SingleSelectTableViewCell.h; sourceTree = "<group>"; };
		1F590A7EC79EE7A35E0207E4 /* SettingsSection.h */ = {isa = PBXFileReference; fileEncoding = 4; lastKnownFileType = sourcecode.c.h; path = SettingsSection.h; sourceTree = "<group>"; };
		1F590AC427B3595049BBF180 /* Lato-BoldItalic.ttf */ = {isa = PBXFileReference; lastKnownFileType = file.ttf; path = "Lato-BoldItalic.ttf"; sourceTree = "<group>"; };
		1F590B4C3B7FD1B7CA9ED1B8 /* MomentsViewController.m */ = {isa = PBXFileReference; fileEncoding = 4; lastKnownFileType = sourcecode.c.objc; path = MomentsViewController.m; sourceTree = "<group>"; };
		1F590B66F3D6E2E0E4C13F24 /* slideCount.json */ = {isa = PBXFileReference; lastKnownFileType = file.json; path = slideCount.json; sourceTree = "<group>"; };
		1F590BB9C9EBFAEF6BA59C82 /* SlideView.m */ = {isa = PBXFileReference; fileEncoding = 4; lastKnownFileType = sourcecode.c.objc; path = SlideView.m; sourceTree = "<group>"; };
		1F590BCCBB228397E8E7761F /* SlideView.h */ = {isa = PBXFileReference; fileEncoding = 4; lastKnownFileType = sourcecode.c.h; path = SlideView.h; sourceTree = "<group>"; };
		1F590BDA7D80B949EF4CAB13 /* Lato-SemiboldItalic.ttf */ = {isa = PBXFileReference; lastKnownFileType = file.ttf; path = "Lato-SemiboldItalic.ttf"; sourceTree = "<group>"; };
		1F590BFE9AA82F8D5B2398CC /* Lato-Thin.ttf */ = {isa = PBXFileReference; lastKnownFileType = file.ttf; path = "Lato-Thin.ttf"; sourceTree = "<group>"; };
		1F590C46662875608AA27374 /* RootView.m */ = {isa = PBXFileReference; fileEncoding = 4; lastKnownFileType = sourcecode.c.objc; path = RootView.m; sourceTree = "<group>"; };
		1F590C8BB2D7BE1D425160A8 /* SettingsSection.m */ = {isa = PBXFileReference; fileEncoding = 4; lastKnownFileType = sourcecode.c.objc; path = SettingsSection.m; sourceTree = "<group>"; };
		1F590CB54A335322F7E10708 /* OrganizationSettingsViewController.h */ = {isa = PBXFileReference; fileEncoding = 4; lastKnownFileType = sourcecode.c.h; path = OrganizationSettingsViewController.h; sourceTree = "<group>"; };
		1F590D0864B29CDB2406DDDF /* MomentViewCell.m */ = {isa = PBXFileReference; fileEncoding = 4; lastKnownFileType = sourcecode.c.objc; path = MomentViewCell.m; sourceTree = "<group>"; };
		1F590D3D3C2A95F7D3ABA124 /* Lato-Medium.ttf */ = {isa = PBXFileReference; lastKnownFileType = file.ttf; path = "Lato-Medium.ttf"; sourceTree = "<group>"; };
		1F590D4B4081AB5163D17B77 /* SettingsField.h */ = {isa = PBXFileReference; fileEncoding = 4; lastKnownFileType = sourcecode.c.h; path = SettingsField.h; sourceTree = "<group>"; };
		1F590D625719F26AB670D767 /* RootViewController.m */ = {isa = PBXFileReference; fileEncoding = 4; lastKnownFileType = sourcecode.c.objc; path = RootViewController.m; sourceTree = "<group>"; };
		1F590D73295AF9F3A76D4077 /* SettingsOperation.h */ = {isa = PBXFileReference; fileEncoding = 4; lastKnownFileType = sourcecode.c.h; path = SettingsOperation.h; sourceTree = "<group>"; };
		1F590D811524B049C99AD524 /* OrganizationSingleSelectTableViewCell.h */ = {isa = PBXFileReference; fileEncoding = 4; lastKnownFileType = sourcecode.c.h; path = OrganizationSingleSelectTableViewCell.h; sourceTree = "<group>"; };
		1F590D8CB6B333F855CEC041 /* KeyValueTableViewCell.h */ = {isa = PBXFileReference; fileEncoding = 4; lastKnownFileType = sourcecode.c.h; path = KeyValueTableViewCell.h; sourceTree = "<group>"; };
		1F590DC97DF6974A05ACE13E /* Lato-MediumItalic.ttf */ = {isa = PBXFileReference; lastKnownFileType = file.ttf; path = "Lato-MediumItalic.ttf"; sourceTree = "<group>"; };
		1F590E34EC54081E1062ACC3 /* Lato-Light.ttf */ = {isa = PBXFileReference; lastKnownFileType = file.ttf; path = "Lato-Light.ttf"; sourceTree = "<group>"; };
		1F590E77748C5BC1F308D68A /* lookupInterval.json */ = {isa = PBXFileReference; lastKnownFileType = file.json; path = lookupInterval.json; sourceTree = "<group>"; };
		1F590EC11C656B0F53839895 /* FetchOrganizationsOperation.h */ = {isa = PBXFileReference; fileEncoding = 4; lastKnownFileType = sourcecode.c.h; path = FetchOrganizationsOperation.h; sourceTree = "<group>"; };
		1F590EC9F1D46E99D6A23359 /* PresentationViewController.m */ = {isa = PBXFileReference; fileEncoding = 4; lastKnownFileType = sourcecode.c.objc; path = PresentationViewController.m; sourceTree = "<group>"; };
		1F590EFB78FF652269DD456A /* KeyValueTableViewCell.m */ = {isa = PBXFileReference; fileEncoding = 4; lastKnownFileType = sourcecode.c.objc; path = KeyValueTableViewCell.m; sourceTree = "<group>"; };
		1F590F2183C553C1DA9C015D /* RootView.h */ = {isa = PBXFileReference; fileEncoding = 4; lastKnownFileType = sourcecode.c.h; path = RootView.h; sourceTree = "<group>"; };
		1F590F4339614C4F278153F3 /* OrganizationSettingsViewController.m */ = {isa = PBXFileReference; fileEncoding = 4; lastKnownFileType = sourcecode.c.objc; path = OrganizationSettingsViewController.m; sourceTree = "<group>"; };
		1F590F684A5A9AB15E84B38B /* DurationFormatter.m */ = {isa = PBXFileReference; fileEncoding = 4; lastKnownFileType = sourcecode.c.objc; path = DurationFormatter.m; sourceTree = "<group>"; };
		1F590FBEE708A279558AB5BC /* UIImage+BlurredFilter.h */ = {isa = PBXFileReference; fileEncoding = 4; lastKnownFileType = sourcecode.c.h; path = "UIImage+BlurredFilter.h"; sourceTree = "<group>"; };
		1F590FCD062A2DCB3E70B3F8 /* PresentationView.h */ = {isa = PBXFileReference; fileEncoding = 4; lastKnownFileType = sourcecode.c.h; path = PresentationView.h; sourceTree = "<group>"; };
		1F590FE94767CB5ABBE53ACA /* MessageTableViewCell.m */ = {isa = PBXFileReference; fileEncoding = 4; lastKnownFileType = sourcecode.c.objc; path = MessageTableViewCell.m; sourceTree = "<group>"; };
		455D8D1C1B4AECA2009541CE /* fr */ = {isa = PBXFileReference; lastKnownFileType = text.plist.strings; name = fr; path = fr.lproj/Localizable.strings; sourceTree = "<group>"; };
		455D8D1D1B4AF230009541CE /* Base */ = {isa = PBXFileReference; lastKnownFileType = text.plist.strings; name = Base; path = Base.lproj/Localizable.strings; sourceTree = "<group>"; };
		457C07381B1E12750035F784 /* Exhibit.app */ = {isa = PBXFileReference; explicitFileType = wrapper.application; includeInIndex = 0; path = Exhibit.app; sourceTree = BUILT_PRODUCTS_DIR; };
		457C073C1B1E12750035F784 /* Info.plist */ = {isa = PBXFileReference; lastKnownFileType = text.plist.xml; path = Info.plist; sourceTree = "<group>"; };
		457C073D1B1E12760035F784 /* main.m */ = {isa = PBXFileReference; lastKnownFileType = sourcecode.c.objc; path = main.m; sourceTree = "<group>"; };
		457C073F1B1E12760035F784 /* AppDelegate.h */ = {isa = PBXFileReference; lastKnownFileType = sourcecode.c.h; path = AppDelegate.h; sourceTree = "<group>"; };
		457C07401B1E12760035F784 /* AppDelegate.m */ = {isa = PBXFileReference; lastKnownFileType = sourcecode.c.objc; path = AppDelegate.m; sourceTree = "<group>"; };
		457C07481B1E12760035F784 /* Images.xcassets */ = {isa = PBXFileReference; lastKnownFileType = folder.assetcatalog; path = Images.xcassets; sourceTree = "<group>"; };
		457C074B1B1E12760035F784 /* Base */ = {isa = PBXFileReference; lastKnownFileType = file.xib; name = Base; path = Base.lproj/LaunchScreen.xib; sourceTree = "<group>"; };
		457C07511B1E12760035F784 /* ExhibitTests.xctest */ = {isa = PBXFileReference; explicitFileType = wrapper.cfbundle; includeInIndex = 0; path = ExhibitTests.xctest; sourceTree = BUILT_PRODUCTS_DIR; };
		457C07561B1E12760035F784 /* Info.plist */ = {isa = PBXFileReference; lastKnownFileType = text.plist.xml; path = Info.plist; sourceTree = "<group>"; };
		457C07571B1E12760035F784 /* ExhibitTests.m */ = {isa = PBXFileReference; lastKnownFileType = sourcecode.c.objc; path = ExhibitTests.m; sourceTree = "<group>"; };
		457C07661B1E15850035F784 /* StorageClient.h */ = {isa = PBXFileReference; fileEncoding = 4; lastKnownFileType = sourcecode.c.h; path = StorageClient.h; sourceTree = "<group>"; };
		457C07671B1E15850035F784 /* StorageClient.m */ = {isa = PBXFileReference; fileEncoding = 4; lastKnownFileType = sourcecode.c.objc; path = StorageClient.m; sourceTree = "<group>"; };
		C9CFEAB5A865F08F5A807C4E /* Pods.release.xcconfig */ = {isa = PBXFileReference; includeInIndex = 1; lastKnownFileType = text.xcconfig; name = Pods.release.xcconfig; path = "Pods/Target Support Files/Pods/Pods.release.xcconfig"; sourceTree = "<group>"; };
		E45CA316C03A30F62B79F089 /* Pods.debug.xcconfig */ = {isa = PBXFileReference; includeInIndex = 1; lastKnownFileType = text.xcconfig; name = Pods.debug.xcconfig; path = "Pods/Target Support Files/Pods/Pods.debug.xcconfig"; sourceTree = "<group>"; };
/* End PBXFileReference section */

/* Begin PBXFrameworksBuildPhase section */
		457C07351B1E12750035F784 /* Frameworks */ = {
			isa = PBXFrameworksBuildPhase;
			buildActionMask = 2147483647;
			files = (
				BABDC2132DCD28AC2FAD1104 /* libPods.a in Frameworks */,
			);
			runOnlyForDeploymentPostprocessing = 0;
		};
		457C074E1B1E12760035F784 /* Frameworks */ = {
			isa = PBXFrameworksBuildPhase;
			buildActionMask = 2147483647;
			files = (
			);
			runOnlyForDeploymentPostprocessing = 0;
		};
/* End PBXFrameworksBuildPhase section */

/* Begin PBXGroup section */
		1F5900A0A8A6D0B3A9DDA96B /* Avatar */ = {
			isa = PBXGroup;
			children = (
				1F590A451DFC04AAEA33F32F /* AvatarView.m */,
				1F5909A97DEDC344779B374E /* AvatarView.h */,
			);
			path = Avatar;
			sourceTree = "<group>";
		};
		1F5900D26D131131FE55B295 /* Root */ = {
			isa = PBXGroup;
			children = (
				1F590D625719F26AB670D767 /* RootViewController.m */,
				1F5902C3B20B2DCFCAD7C625 /* RootViewController.h */,
				1F590C46662875608AA27374 /* RootView.m */,
				1F590F2183C553C1DA9C015D /* RootView.h */,
			);
			path = Root;
			sourceTree = "<group>";
		};
		1F590236540579A8C4CC0103 /* Resources */ = {
			isa = PBXGroup;
			children = (
				1F5903D8484E2E939BD2E36A /* Fonts */,
				1F5905EB8028C1A1852CA2FB /* settings.json */,
				455D8D1A1B4AEAC9009541CE /* Localizable.strings */,
				1F590B66F3D6E2E0E4C13F24 /* slideCount.json */,
				1F59098DFC4B859C84DC2DC0 /* slideDuration.json */,
				1F590E77748C5BC1F308D68A /* lookupInterval.json */,
				1F59015C9AA60A3B5AD9E474 /* organization.json */,
				1F590843FB43DA3AAAD62102 /* remote.json */,
			);
			path = Resources;
			sourceTree = "<group>";
		};
		1F5903D8484E2E939BD2E36A /* Fonts */ = {
			isa = PBXGroup;
			children = (
				1F5902EABFC45C1AEE3FEBAB /* Lato-Bold.ttf */,
				1F590BFE9AA82F8D5B2398CC /* Lato-Thin.ttf */,
				1F590E34EC54081E1062ACC3 /* Lato-Light.ttf */,
				1F5904A9F3626A26BAC270B1 /* Lato-Italic.ttf */,
				1F590D3D3C2A95F7D3ABA124 /* Lato-Medium.ttf */,
				1F5905EE5C29FC8FBCAE090E /* Lato-Regular.ttf */,
				1F59080DEF06B3546F80B828 /* Lato-Semibold.ttf */,
				1F590AC427B3595049BBF180 /* Lato-BoldItalic.ttf */,
				1F590572ED87ADEC71216039 /* Lato-ThinItalic.ttf */,
				1F590630009C038991552D2C /* Lato-LightItalic.ttf */,
				1F590DC97DF6974A05ACE13E /* Lato-MediumItalic.ttf */,
				1F590BDA7D80B949EF4CAB13 /* Lato-SemiboldItalic.ttf */,
			);
			path = Fonts;
			sourceTree = "<group>";
		};
		1F59047D9F0262B28BD19CDD /* Settings */ = {
			isa = PBXGroup;
			children = (
				1F5902B08AC002B3E21728F8 /* SettingsController.m */,
				1F590934A9E2392C18581C7C /* SettingsController.h */,
				1F5907D1D5FC9D7F2582E794 /* Operations */,
			);
			path = Settings;
			sourceTree = "<group>";
		};
		1F5904D4B7C8563BFFA4BB03 /* Additions */ = {
			isa = PBXGroup;
			children = (
				1F59078D870D907D9E188EA3 /* UIImage+BlurredFilter.m */,
				1F590FBEE708A279558AB5BC /* UIImage+BlurredFilter.h */,
			);
			path = Additions;
			sourceTree = "<group>";
		};
		1F5905A8E64C8B40D6BEB045 /* Moments */ = {
			isa = PBXGroup;
			children = (
				1F590B4C3B7FD1B7CA9ED1B8 /* MomentsViewController.m */,
				1F590227F5B736B585B9CD85 /* MomentsViewController.h */,
				1F590D0864B29CDB2406DDDF /* MomentViewCell.m */,
				1F5904D8E9B7D5F0F91F58EF /* MomentViewCell.h */,
			);
			path = Moments;
			sourceTree = "<group>";
		};
		1F5906903B30F038D408EF8C /* Domain */ = {
			isa = PBXGroup;
			children = (
				1F590D7B28FF40EF8AA97492 /* Slideshow */,
				1F59047D9F0262B28BD19CDD /* Settings */,
			);
			path = Domain;
			sourceTree = "<group>";
		};
		1F5907107023340BF50CA208 /* Overview */ = {
			isa = PBXGroup;
			children = (
				1F5905BB2CFE6A12C8DDC908 /* OverviewViewController.m */,
				1F5902B1916F80200FFDA08C /* OverviewViewController.h */,
				1F590011A4F22D2509BD2AF6 /* OverviewView.m */,
				1F590479CA003285C8B2E3FE /* OverviewView.h */,
			);
			path = Overview;
			sourceTree = "<group>";
		};
		1F5907D1D5FC9D7F2582E794 /* Operations */ = {
			isa = PBXGroup;
			children = (
				1F590D73295AF9F3A76D4077 /* SettingsOperation.h */,
				1F59012E04682A617AC69EBC /* FetchOrganizationsOperation.m */,
				1F590EC11C656B0F53839895 /* FetchOrganizationsOperation.h */,
			);
			path = Operations;
			sourceTree = "<group>";
		};
		1F59087EF2C6EDFBFC413707 /* Presentation */ = {
			isa = PBXGroup;
			children = (
				1F590EC9F1D46E99D6A23359 /* PresentationViewController.m */,
				1F5901D8DB5D28A8654B684C /* PresentationViewController.h */,
				1F590602051A88B409BD639C /* PresentationView.m */,
				1F590FCD062A2DCB3E70B3F8 /* PresentationView.h */,
				1F590BB9C9EBFAEF6BA59C82 /* SlideView.m */,
				1F590BCCBB228397E8E7761F /* SlideView.h */,
			);
			path = Presentation;
			sourceTree = "<group>";
		};
		1F59098158B081C243B2B1E8 /* Cells */ = {
			isa = PBXGroup;
			children = (
				1F590EFB78FF652269DD456A /* KeyValueTableViewCell.m */,
				1F590D8CB6B333F855CEC041 /* KeyValueTableViewCell.h */,
				1F5902F0DC551CA6ACA6F87A /* SingleSelectTableViewCell.m */,
				1F590A6EEEF0241FBAB52E82 /* SingleSelectTableViewCell.h */,
				1F5901C3F7589F9477C4538C /* BaseSettingsTableViewCell.m */,
				1F59026F12EE1EE13E9D334F /* BaseSettingsTableViewCell.h */,
				1F5903067CDE9A7A57705E48 /* OrganizationSingleSelectTableViewCell.m */,
				1F590D811524B049C99AD524 /* OrganizationSingleSelectTableViewCell.h */,
				1F590FE94767CB5ABBE53ACA /* MessageTableViewCell.m */,
				1F59020590770BAB9875B0D6 /* MessageTableViewCell.h */,
				1F590533229283E6DD552F1F /* SwitchTableViewCell.m */,
				1F5900184B417DACF1411EEF /* SwitchTableViewCell.h */,
			);
			path = Cells;
			sourceTree = "<group>";
		};
		1F590B9C1E826814075E01C2 /* Logo */ = {
			isa = PBXGroup;
			children = (
				1F59052C3D773AD597CDCD7E /* LogoViewController.m */,
				1F5902DB21587CE9B3F6F709 /* LogoViewController.h */,
				1F5904A660E66881AC68BF43 /* LogoView.m */,
				1F590A13FF6F8826C037ED5C /* LogoView.h */,
			);
			path = Logo;
			sourceTree = "<group>";
		};
		1F590B9EFB0CD7F1E5F4BD0B /* Formatters */ = {
			isa = PBXGroup;
			children = (
				1F5904DAF91D786443BC8069 /* Formatting.h */,
				1F590F684A5A9AB15E84B38B /* DurationFormatter.m */,
				1F59027CDDD6503D6B54D965 /* DurationFormatter.h */,
				1F590108AAC343965AD85E23 /* IntegerFormatter.m */,
				1F590435C9062005B1C26D7C /* IntegerFormatter.h */,
				1F59097D102420827CF2524B /* BooleanFormatter.m */,
				1F59077A2BC3D42A3079CD6C /* BooleanFormatter.h */,
			);
			path = Formatters;
			sourceTree = "<group>";
		};
		1F590D7B28FF40EF8AA97492 /* Slideshow */ = {
			isa = PBXGroup;
			children = (
				1F59060C40BFD66FAEAFA0DA /* SlideshowController.m */,
				1F590866B0E612A1CA5579CD /* SlideshowController.h */,
			);
			path = Slideshow;
			sourceTree = "<group>";
		};
		1F590EF3CABD1914B3F6A2AC /* Settings */ = {
			isa = PBXGroup;
			children = (
				1F59098158B081C243B2B1E8 /* Cells */,
				1F5901FBD8D78E74AC76969E /* SettingsViewController.m */,
				1F590932951D55182E73A0A7 /* SettingsViewController.h */,
				1F590B9EFB0CD7F1E5F4BD0B /* Formatters */,
				1F590F4339614C4F278153F3 /* OrganizationSettingsViewController.m */,
				1F590CB54A335322F7E10708 /* OrganizationSettingsViewController.h */,
				1F590119A47860C8B0FB2177 /* BaseSettingsViewController.m */,
				1F59080321A84AACA73C399B /* BaseSettingsViewController.h */,
			);
			path = Settings;
			sourceTree = "<group>";
		};
		1F590F94ABEC950CBBC9ECDD /* Model */ = {
			isa = PBXGroup;
			children = (
				1F59006D58346A8B97D9346E /* Settings.m */,
				1F5901A2032FFC9DE41A0640 /* Settings.h */,
				1F590A32D84EEEBA92A8E7A4 /* Moment.m */,
				1F5900B073968DF9E76D1084 /* Moment.h */,
				1F590C8BB2D7BE1D425160A8 /* SettingsSection.m */,
				1F590A7EC79EE7A35E0207E4 /* SettingsSection.h */,
				1F5908ED8E5B1BA7E4F11E1B /* SettingsField.m */,
				1F590D4B4081AB5163D17B77 /* SettingsField.h */,
			);
			path = Model;
			sourceTree = "<group>";
		};
		457C072F1B1E12750035F784 = {
			isa = PBXGroup;
			children = (
				457C073A1B1E12750035F784 /* Exhibit */,
				457C07541B1E12760035F784 /* ExhibitTests */,
				457C07391B1E12750035F784 /* Products */,
				5A2AD156AEA122464A9877F6 /* Pods */,
				B06474B5DEDD493A638BFFE2 /* Frameworks */,
			);
			sourceTree = "<group>";
		};
		457C07391B1E12750035F784 /* Products */ = {
			isa = PBXGroup;
			children = (
				457C07381B1E12750035F784 /* Exhibit.app */,
				457C07511B1E12760035F784 /* ExhibitTests.xctest */,
			);
			name = Products;
			sourceTree = "<group>";
		};
		457C073A1B1E12750035F784 /* Exhibit */ = {
			isa = PBXGroup;
			children = (
				457C07651B1E15650035F784 /* Clients */,
				457C07611B1E138E0035F784 /* UI */,
				457C073F1B1E12760035F784 /* AppDelegate.h */,
				457C07401B1E12760035F784 /* AppDelegate.m */,
				457C07481B1E12760035F784 /* Images.xcassets */,
				457C074A1B1E12760035F784 /* LaunchScreen.xib */,
				457C073B1B1E12750035F784 /* Supporting Files */,
				1F5906903B30F038D408EF8C /* Domain */,
				1F590F94ABEC950CBBC9ECDD /* Model */,
				1F5904D4B7C8563BFFA4BB03 /* Additions */,
				1F590236540579A8C4CC0103 /* Resources */,
			);
			path = Exhibit;
			sourceTree = "<group>";
		};
		457C073B1B1E12750035F784 /* Supporting Files */ = {
			isa = PBXGroup;
			children = (
				457C073C1B1E12750035F784 /* Info.plist */,
				457C073D1B1E12760035F784 /* main.m */,
			);
			name = "Supporting Files";
			sourceTree = "<group>";
		};
		457C07541B1E12760035F784 /* ExhibitTests */ = {
			isa = PBXGroup;
			children = (
				457C07571B1E12760035F784 /* ExhibitTests.m */,
				457C07551B1E12760035F784 /* Supporting Files */,
			);
			path = ExhibitTests;
			sourceTree = "<group>";
		};
		457C07551B1E12760035F784 /* Supporting Files */ = {
			isa = PBXGroup;
			children = (
				457C07561B1E12760035F784 /* Info.plist */,
			);
			name = "Supporting Files";
			sourceTree = "<group>";
		};
		457C07611B1E138E0035F784 /* UI */ = {
			isa = PBXGroup;
			children = (
				1F5905A8E64C8B40D6BEB045 /* Moments */,
				1F59087EF2C6EDFBFC413707 /* Presentation */,
				1F5900A0A8A6D0B3A9DDA96B /* Avatar */,
				1F590EF3CABD1914B3F6A2AC /* Settings */,
				1F5907107023340BF50CA208 /* Overview */,
				1F5900D26D131131FE55B295 /* Root */,
				1F590B9C1E826814075E01C2 /* Logo */,
			);
			path = UI;
			sourceTree = "<group>";
		};
		457C07651B1E15650035F784 /* Clients */ = {
			isa = PBXGroup;
			children = (
				457C07661B1E15850035F784 /* StorageClient.h */,
				457C07671B1E15850035F784 /* StorageClient.m */,
			);
			path = Clients;
			sourceTree = "<group>";
		};
		5A2AD156AEA122464A9877F6 /* Pods */ = {
			isa = PBXGroup;
			children = (
				E45CA316C03A30F62B79F089 /* Pods.debug.xcconfig */,
				C9CFEAB5A865F08F5A807C4E /* Pods.release.xcconfig */,
			);
			name = Pods;
			sourceTree = "<group>";
		};
		B06474B5DEDD493A638BFFE2 /* Frameworks */ = {
			isa = PBXGroup;
			children = (
				0870BAD09C97D02B006F502F /* libPods.a */,
			);
			name = Frameworks;
			sourceTree = "<group>";
		};
/* End PBXGroup section */

/* Begin PBXNativeTarget section */
		457C07371B1E12750035F784 /* Exhibit */ = {
			isa = PBXNativeTarget;
			buildConfigurationList = 457C075B1B1E12760035F784 /* Build configuration list for PBXNativeTarget "Exhibit" */;
			buildPhases = (
				9C58459B913FDE09C76CCCA5 /* Check Pods Manifest.lock */,
				457C07341B1E12750035F784 /* Sources */,
				457C07351B1E12750035F784 /* Frameworks */,
				457C07361B1E12750035F784 /* Resources */,
				4BCB07A19A598430B30B046D /* Copy Pods Resources */,
				11854124639A0A611CA4194F /* Embed Pods Frameworks */,
			);
			buildRules = (
			);
			dependencies = (
			);
			name = Exhibit;
			productName = Exhibit;
			productReference = 457C07381B1E12750035F784 /* Exhibit.app */;
			productType = "com.apple.product-type.application";
		};
		457C07501B1E12760035F784 /* ExhibitTests */ = {
			isa = PBXNativeTarget;
			buildConfigurationList = 457C075E1B1E12760035F784 /* Build configuration list for PBXNativeTarget "ExhibitTests" */;
			buildPhases = (
				457C074D1B1E12760035F784 /* Sources */,
				457C074E1B1E12760035F784 /* Frameworks */,
				457C074F1B1E12760035F784 /* Resources */,
			);
			buildRules = (
			);
			dependencies = (
				457C07531B1E12760035F784 /* PBXTargetDependency */,
			);
			name = ExhibitTests;
			productName = ExhibitTests;
			productReference = 457C07511B1E12760035F784 /* ExhibitTests.xctest */;
			productType = "com.apple.product-type.bundle.unit-test";
		};
/* End PBXNativeTarget section */

/* Begin PBXProject section */
		457C07301B1E12750035F784 /* Project object */ = {
			isa = PBXProject;
			attributes = {
				LastUpgradeCheck = 0630;
				ORGANIZATIONNAME = "Simon de Carufel";
				TargetAttributes = {
					457C07371B1E12750035F784 = {
						CreatedOnToolsVersion = 6.3.2;
						DevelopmentTeam = 4Q596JWQC5;
					};
					457C07501B1E12760035F784 = {
						CreatedOnToolsVersion = 6.3.2;
						TestTargetID = 457C07371B1E12750035F784;
					};
				};
			};
			buildConfigurationList = 457C07331B1E12750035F784 /* Build configuration list for PBXProject "Exhibit" */;
			compatibilityVersion = "Xcode 3.2";
			developmentRegion = English;
			hasScannedForEncodings = 0;
			knownRegions = (
				en,
				Base,
				fr,
			);
			mainGroup = 457C072F1B1E12750035F784;
			productRefGroup = 457C07391B1E12750035F784 /* Products */;
			projectDirPath = "";
			projectRoot = "";
			targets = (
				457C07371B1E12750035F784 /* Exhibit */,
				457C07501B1E12760035F784 /* ExhibitTests */,
			);
		};
/* End PBXProject section */

/* Begin PBXResourcesBuildPhase section */
		457C07361B1E12750035F784 /* Resources */ = {
			isa = PBXResourcesBuildPhase;
			buildActionMask = 2147483647;
			files = (
				457C074C1B1E12760035F784 /* LaunchScreen.xib in Resources */,
				457C07491B1E12760035F784 /* Images.xcassets in Resources */,
				1F5909B5BCD5C296008AE6D2 /* Lato-Bold.ttf in Resources */,
				1F590BBB92A7694A0CE4D044 /* Lato-Thin.ttf in Resources */,
				1F59066E6B9F12BFF1D75826 /* Lato-Light.ttf in Resources */,
				1F590FF9D2AD72AB4E57E4A4 /* Lato-Italic.ttf in Resources */,
				1F5908D0F686A9FA337E9A75 /* Lato-Medium.ttf in Resources */,
				1F590BA96964C4C52F0EF38C /* Lato-Regular.ttf in Resources */,
				1F590FF1C4B4275E7FAC594C /* Lato-Semibold.ttf in Resources */,
				1F590B2BCB4764C5A9337A63 /* Lato-BoldItalic.ttf in Resources */,
				1F590BB85DEAB242D56F7F1A /* Lato-ThinItalic.ttf in Resources */,
				1F5901E0519A9A8D812EC0E4 /* Lato-LightItalic.ttf in Resources */,
				1F590CF446CFA7B78F94678C /* Lato-MediumItalic.ttf in Resources */,
				455D8D181B4AEAC9009541CE /* Localizable.strings in Resources */,
				1F59049227AD4BEC7836CE9A /* Lato-SemiboldItalic.ttf in Resources */,
				1F590165FAE32D063740A11D /* settings.json in Resources */,
				1F590669F1BD40C7589B80E6 /* slideCount.json in Resources */,
				1F590E3EB9D859E75100B631 /* slideDuration.json in Resources */,
				1F590286CFE639A1C62CAF2B /* lookupInterval.json in Resources */,
				1F590F619DF99E24A6A49233 /* organization.json in Resources */,
				1F590DEF41D735A99D88F364 /* remote.json in Resources */,
			);
			runOnlyForDeploymentPostprocessing = 0;
		};
		457C074F1B1E12760035F784 /* Resources */ = {
			isa = PBXResourcesBuildPhase;
			buildActionMask = 2147483647;
			files = (
			);
			runOnlyForDeploymentPostprocessing = 0;
		};
/* End PBXResourcesBuildPhase section */

/* Begin PBXShellScriptBuildPhase section */
		11854124639A0A611CA4194F /* Embed Pods Frameworks */ = {
			isa = PBXShellScriptBuildPhase;
			buildActionMask = 2147483647;
			files = (
			);
			inputPaths = (
			);
			name = "Embed Pods Frameworks";
			outputPaths = (
			);
			runOnlyForDeploymentPostprocessing = 0;
			shellPath = /bin/sh;
			shellScript = "\"${SRCROOT}/Pods/Target Support Files/Pods/Pods-frameworks.sh\"\n";
			showEnvVarsInLog = 0;
		};
		4BCB07A19A598430B30B046D /* Copy Pods Resources */ = {
			isa = PBXShellScriptBuildPhase;
			buildActionMask = 2147483647;
			files = (
			);
			inputPaths = (
			);
			name = "Copy Pods Resources";
			outputPaths = (
			);
			runOnlyForDeploymentPostprocessing = 0;
			shellPath = /bin/sh;
			shellScript = "\"${SRCROOT}/Pods/Target Support Files/Pods/Pods-resources.sh\"\n";
			showEnvVarsInLog = 0;
		};
		9C58459B913FDE09C76CCCA5 /* Check Pods Manifest.lock */ = {
			isa = PBXShellScriptBuildPhase;
			buildActionMask = 2147483647;
			files = (
			);
			inputPaths = (
			);
			name = "Check Pods Manifest.lock";
			outputPaths = (
			);
			runOnlyForDeploymentPostprocessing = 0;
			shellPath = /bin/sh;
			shellScript = "diff \"${PODS_ROOT}/../Podfile.lock\" \"${PODS_ROOT}/Manifest.lock\" > /dev/null\nif [[ $? != 0 ]] ; then\n    cat << EOM\nerror: The sandbox is not in sync with the Podfile.lock. Run 'pod install' or update your CocoaPods installation.\nEOM\n    exit 1\nfi\n";
			showEnvVarsInLog = 0;
		};
/* End PBXShellScriptBuildPhase section */

/* Begin PBXSourcesBuildPhase section */
		457C07341B1E12750035F784 /* Sources */ = {
			isa = PBXSourcesBuildPhase;
			buildActionMask = 2147483647;
			files = (
				457C07411B1E12760035F784 /* AppDelegate.m in Sources */,
				457C07681B1E15850035F784 /* StorageClient.m in Sources */,
				457C073E1B1E12760035F784 /* main.m in Sources */,
				1F5904A39FC2385C34CADB1A /* PresentationViewController.m in Sources */,
				1F5907383CD288BC6A913D85 /* PresentationView.m in Sources */,
				1F59052044A0D7D191D53B9E /* SlideshowController.m in Sources */,
				1F59075147C6D82D61560397 /* MomentsViewController.m in Sources */,
				1F590F8AA9737B6E111C3664 /* Settings.m in Sources */,
				1F590D071DFDBE1AD4999747 /* Moment.m in Sources */,
				1F5902FC86102945E7EC5A3C /* UIImage+BlurredFilter.m in Sources */,
				1F590D6B8920A0EC0877F385 /* SlideView.m in Sources */,
				1F590653EAE37CD105664542 /* AvatarView.m in Sources */,
				1F590F42B43CFBECFF8DD577 /* MomentViewCell.m in Sources */,
				1F59034C9C9CD60D2E69EF8C /* KeyValueTableViewCell.m in Sources */,
				1F590D1C2B5FAF67B09371DD /* SettingsViewController.m in Sources */,
				1F5907F053AB779BC7B540A6 /* OverviewViewController.m in Sources */,
				1F59025C065C9D355AF44F9A /* DurationFormatter.m in Sources */,
				1F59062F5AD40C77FBA6A388 /* IntegerFormatter.m in Sources */,
				1F590DD2C65743AA45F98707 /* SingleSelectTableViewCell.m in Sources */,
				1F590FD3BB631E59C4EDCD54 /* BaseSettingsTableViewCell.m in Sources */,
				1F59096A96F8CD56986953BD /* SettingsController.m in Sources */,
				1F590B10CE4D7F3757E589C7 /* SettingsSection.m in Sources */,
				1F590CA3C3EDE82660200B2E /* SettingsField.m in Sources */,
				1F5904612B3FCBD03E7CEABF /* OrganizationSingleSelectTableViewCell.m in Sources */,
				1F590BC4ADE659F14B959568 /* OrganizationSettingsViewController.m in Sources */,
				1F59081CFCFC048521ABC47C /* BaseSettingsViewController.m in Sources */,
				1F590723CC9C0616A4A039FC /* MessageTableViewCell.m in Sources */,
				1F59042F243DCEE66062054E /* FetchOrganizationsOperation.m in Sources */,
				1F590A4854F6907900992943 /* OverviewView.m in Sources */,
				1F59064B32106C93CD62CC8A /* RootViewController.m in Sources */,
				1F59030F7430DB4A71CCF449 /* RootView.m in Sources */,
				1F59004FA5F503534E81FD35 /* LogoViewController.m in Sources */,
				1F590D3683676B840CF0B515 /* LogoView.m in Sources */,
				1F59085FFC5A91049F2AA87E /* SwitchTableViewCell.m in Sources */,
				1F59077B975FF27936FDF39F /* BooleanFormatter.m in Sources */,
			);
			runOnlyForDeploymentPostprocessing = 0;
		};
		457C074D1B1E12760035F784 /* Sources */ = {
			isa = PBXSourcesBuildPhase;
			buildActionMask = 2147483647;
			files = (
				457C07581B1E12760035F784 /* ExhibitTests.m in Sources */,
			);
			runOnlyForDeploymentPostprocessing = 0;
		};
/* End PBXSourcesBuildPhase section */

/* Begin PBXTargetDependency section */
		457C07531B1E12760035F784 /* PBXTargetDependency */ = {
			isa = PBXTargetDependency;
			target = 457C07371B1E12750035F784 /* Exhibit */;
			targetProxy = 457C07521B1E12760035F784 /* PBXContainerItemProxy */;
		};
/* End PBXTargetDependency section */

/* Begin PBXVariantGroup section */
		455D8D1A1B4AEAC9009541CE /* Localizable.strings */ = {
			isa = PBXVariantGroup;
			children = (
				455D8D1C1B4AECA2009541CE /* fr */,
				455D8D1D1B4AF230009541CE /* Base */,
			);
			name = Localizable.strings;
			sourceTree = "<group>";
		};
		457C074A1B1E12760035F784 /* LaunchScreen.xib */ = {
			isa = PBXVariantGroup;
			children = (
				457C074B1B1E12760035F784 /* Base */,
			);
			name = LaunchScreen.xib;
			sourceTree = "<group>";
		};
/* End PBXVariantGroup section */

/* Begin XCBuildConfiguration section */
		457C07591B1E12760035F784 /* Debug */ = {
			isa = XCBuildConfiguration;
			buildSettings = {
				ALWAYS_SEARCH_USER_PATHS = NO;
				CLANG_CXX_LANGUAGE_STANDARD = "gnu++0x";
				CLANG_CXX_LIBRARY = "libc++";
				CLANG_ENABLE_MODULES = YES;
				CLANG_ENABLE_OBJC_ARC = YES;
				CLANG_WARN_BOOL_CONVERSION = YES;
				CLANG_WARN_CONSTANT_CONVERSION = YES;
				CLANG_WARN_DIRECT_OBJC_ISA_USAGE = YES_ERROR;
				CLANG_WARN_EMPTY_BODY = YES;
				CLANG_WARN_ENUM_CONVERSION = YES;
				CLANG_WARN_INT_CONVERSION = YES;
				CLANG_WARN_OBJC_ROOT_CLASS = YES_ERROR;
				CLANG_WARN_UNREACHABLE_CODE = YES;
				CLANG_WARN__DUPLICATE_METHOD_MATCH = YES;
				"CODE_SIGN_IDENTITY[sdk=iphoneos*]" = "iPhone Developer";
				COPY_PHASE_STRIP = NO;
				DEBUG_INFORMATION_FORMAT = "dwarf-with-dsym";
				ENABLE_STRICT_OBJC_MSGSEND = YES;
				GCC_C_LANGUAGE_STANDARD = gnu99;
				GCC_DYNAMIC_NO_PIC = NO;
				GCC_NO_COMMON_BLOCKS = YES;
				GCC_OPTIMIZATION_LEVEL = 0;
				GCC_PREPROCESSOR_DEFINITIONS = (
					"DEBUG=1",
					"$(inherited)",
				);
				GCC_SYMBOLS_PRIVATE_EXTERN = NO;
				GCC_WARN_64_TO_32_BIT_CONVERSION = YES;
				GCC_WARN_ABOUT_RETURN_TYPE = YES_ERROR;
				GCC_WARN_UNDECLARED_SELECTOR = YES;
				GCC_WARN_UNINITIALIZED_AUTOS = YES_AGGRESSIVE;
				GCC_WARN_UNUSED_FUNCTION = YES;
				GCC_WARN_UNUSED_VARIABLE = YES;
				IPHONEOS_DEPLOYMENT_TARGET = 8.3;
				MTL_ENABLE_DEBUG_INFO = YES;
				ONLY_ACTIVE_ARCH = YES;
				SDKROOT = iphoneos;
				TARGETED_DEVICE_FAMILY = "1,2";
			};
			name = Debug;
		};
		457C075A1B1E12760035F784 /* Release */ = {
			isa = XCBuildConfiguration;
			buildSettings = {
				ALWAYS_SEARCH_USER_PATHS = NO;
				CLANG_CXX_LANGUAGE_STANDARD = "gnu++0x";
				CLANG_CXX_LIBRARY = "libc++";
				CLANG_ENABLE_MODULES = YES;
				CLANG_ENABLE_OBJC_ARC = YES;
				CLANG_WARN_BOOL_CONVERSION = YES;
				CLANG_WARN_CONSTANT_CONVERSION = YES;
				CLANG_WARN_DIRECT_OBJC_ISA_USAGE = YES_ERROR;
				CLANG_WARN_EMPTY_BODY = YES;
				CLANG_WARN_ENUM_CONVERSION = YES;
				CLANG_WARN_INT_CONVERSION = YES;
				CLANG_WARN_OBJC_ROOT_CLASS = YES_ERROR;
				CLANG_WARN_UNREACHABLE_CODE = YES;
				CLANG_WARN__DUPLICATE_METHOD_MATCH = YES;
				"CODE_SIGN_IDENTITY[sdk=iphoneos*]" = "iPhone Developer";
				COPY_PHASE_STRIP = NO;
				DEBUG_INFORMATION_FORMAT = "dwarf-with-dsym";
				ENABLE_NS_ASSERTIONS = NO;
				ENABLE_STRICT_OBJC_MSGSEND = YES;
				GCC_C_LANGUAGE_STANDARD = gnu99;
				GCC_NO_COMMON_BLOCKS = YES;
				GCC_WARN_64_TO_32_BIT_CONVERSION = YES;
				GCC_WARN_ABOUT_RETURN_TYPE = YES_ERROR;
				GCC_WARN_UNDECLARED_SELECTOR = YES;
				GCC_WARN_UNINITIALIZED_AUTOS = YES_AGGRESSIVE;
				GCC_WARN_UNUSED_FUNCTION = YES;
				GCC_WARN_UNUSED_VARIABLE = YES;
				IPHONEOS_DEPLOYMENT_TARGET = 8.3;
				MTL_ENABLE_DEBUG_INFO = NO;
				SDKROOT = iphoneos;
				TARGETED_DEVICE_FAMILY = "1,2";
				VALIDATE_PRODUCT = YES;
			};
			name = Release;
		};
		457C075C1B1E12760035F784 /* Debug */ = {
			isa = XCBuildConfiguration;
			baseConfigurationReference = E45CA316C03A30F62B79F089 /* Pods.debug.xcconfig */;
			buildSettings = {
				ASSETCATALOG_COMPILER_APPICON_NAME = AppIcon;
				CODE_SIGN_IDENTITY = "iPhone Developer";
				INFOPLIST_FILE = Exhibit/Info.plist;
				IPHONEOS_DEPLOYMENT_TARGET = 8.1;
				LD_RUNPATH_SEARCH_PATHS = "$(inherited) @executable_path/Frameworks";
				PRODUCT_NAME = "$(TARGET_NAME)";
				TARGETED_DEVICE_FAMILY = "1,2";
				USER_HEADER_SEARCH_PATHS = "\"${PROJECT_DIR}/Pods\"/**";
			};
			name = Debug;
		};
		457C075D1B1E12760035F784 /* Release */ = {
			isa = XCBuildConfiguration;
			baseConfigurationReference = C9CFEAB5A865F08F5A807C4E /* Pods.release.xcconfig */;
			buildSettings = {
				ASSETCATALOG_COMPILER_APPICON_NAME = AppIcon;
				CODE_SIGN_IDENTITY = "iPhone Developer";
				INFOPLIST_FILE = Exhibit/Info.plist;
				IPHONEOS_DEPLOYMENT_TARGET = 8.1;
				LD_RUNPATH_SEARCH_PATHS = "$(inherited) @executable_path/Frameworks";
				PRODUCT_NAME = "$(TARGET_NAME)";
				TARGETED_DEVICE_FAMILY = "1,2";
				USER_HEADER_SEARCH_PATHS = "\"${PROJECT_DIR}/Pods\"/**";
			};
			name = Release;
		};
		457C075F1B1E12760035F784 /* Debug */ = {
			isa = XCBuildConfiguration;
			buildSettings = {
				BUNDLE_LOADER = "$(TEST_HOST)";
				FRAMEWORK_SEARCH_PATHS = (
					"$(SDKROOT)/Developer/Library/Frameworks",
					"$(inherited)",
				);
				GCC_PREPROCESSOR_DEFINITIONS = (
					"DEBUG=1",
					"$(inherited)",
				);
				INFOPLIST_FILE = ExhibitTests/Info.plist;
				LD_RUNPATH_SEARCH_PATHS = "$(inherited) @executable_path/Frameworks @loader_path/Frameworks";
				PRODUCT_NAME = "$(TARGET_NAME)";
				TEST_HOST = "$(BUILT_PRODUCTS_DIR)/Exhibit.app/Exhibit";
			};
			name = Debug;
		};
		457C07601B1E12760035F784 /* Release */ = {
			isa = XCBuildConfiguration;
			buildSettings = {
				BUNDLE_LOADER = "$(TEST_HOST)";
				FRAMEWORK_SEARCH_PATHS = (
					"$(SDKROOT)/Developer/Library/Frameworks",
					"$(inherited)",
				);
				INFOPLIST_FILE = ExhibitTests/Info.plist;
				LD_RUNPATH_SEARCH_PATHS = "$(inherited) @executable_path/Frameworks @loader_path/Frameworks";
				PRODUCT_NAME = "$(TARGET_NAME)";
				TEST_HOST = "$(BUILT_PRODUCTS_DIR)/Exhibit.app/Exhibit";
			};
			name = Release;
		};
/* End XCBuildConfiguration section */

/* Begin XCConfigurationList section */
		457C07331B1E12750035F784 /* Build configuration list for PBXProject "Exhibit" */ = {
			isa = XCConfigurationList;
			buildConfigurations = (
				457C07591B1E12760035F784 /* Debug */,
				457C075A1B1E12760035F784 /* Release */,
			);
			defaultConfigurationIsVisible = 0;
			defaultConfigurationName = Release;
		};
		457C075B1B1E12760035F784 /* Build configuration list for PBXNativeTarget "Exhibit" */ = {
			isa = XCConfigurationList;
			buildConfigurations = (
				457C075C1B1E12760035F784 /* Debug */,
				457C075D1B1E12760035F784 /* Release */,
			);
			defaultConfigurationIsVisible = 0;
			defaultConfigurationName = Release;
		};
		457C075E1B1E12760035F784 /* Build configuration list for PBXNativeTarget "ExhibitTests" */ = {
			isa = XCConfigurationList;
			buildConfigurations = (
				457C075F1B1E12760035F784 /* Debug */,
				457C07601B1E12760035F784 /* Release */,
			);
			defaultConfigurationIsVisible = 0;
			defaultConfigurationName = Release;
		};
/* End XCConfigurationList section */
	};
	rootObject = 457C07301B1E12750035F784 /* Project object */;
}
