PODS:
  - Aubergiste (0.0.1):
    - ISO8601DateFormatter
  - FormatterKit (1.8.0):
    - FormatterKit/AddressFormatter (= 1.8.0)
    - FormatterKit/ArrayFormatter (= 1.8.0)
    - FormatterKit/ColorFormatter (= 1.8.0)
    - FormatterKit/LocationFormatter (= 1.8.0)
    - FormatterKit/NameFormatter (= 1.8.0)
    - FormatterKit/OrdinalNumberFormatter (= 1.8.0)
    - FormatterKit/TimeIntervalFormatter (= 1.8.0)
    - FormatterKit/UnitOfInformationFormatter (= 1.8.0)
    - FormatterKit/URLRequestFormatter (= 1.8.0)
  - FormatterKit/AddressFormatter (1.8.0)
  - FormatterKit/ArrayFormatter (1.8.0)
  - FormatterKit/ColorFormatter (1.8.0)
  - FormatterKit/LocationFormatter (1.8.0)
  - FormatterKit/NameFormatter (1.8.0)
  - FormatterKit/OrdinalNumberFormatter (1.8.0)
  - FormatterKit/TimeIntervalFormatter (1.8.0)
  - FormatterKit/UnitOfInformationFormatter (1.8.0)
  - FormatterKit/URLRequestFormatter (1.8.0)
  - GPUImage (0.1.6)
  - ISO8601DateFormatter (0.7)
  - JNWSpringAnimation (0.7.1)
  - MCUIColorUtils (1.0.0)
  - MCUIImageAdvanced (0.2.7):
    - MGImageUtilities
  - MCUIViewLayout (0.3.4)
  - MGImageUtilities (0.0.1)
  - pop (1.0.7)
  - SDWebImage (3.7.2):
    - SDWebImage/Core (= 3.7.2)
  - SDWebImage/Core (3.7.2)
  - TTTAttributedLabel (1.13.3)

DEPENDENCIES:
  - Aubergiste (from `git@github.com:mirego/Aubergiste.git`)
  - FormatterKit
  - GPUImage
  - JNWSpringAnimation
  - MCUIColorUtils (~> 1.0.0)
  - MCUIImageAdvanced (~> 0.2.5)
  - MCUIViewLayout (~> 0.3.4)
  - pop (~> 1.0)
  - SDWebImage
  - TTTAttributedLabel

EXTERNAL SOURCES:
  Aubergiste:
    :git: git@github.com:mirego/Aubergiste.git

CHECKOUT OPTIONS:
  Aubergiste:
    :commit: b6da39d25513baefc175185cc22177ad4ed57460
    :git: git@github.com:mirego/Aubergiste.git

SPEC CHECKSUMS:
  Aubergiste: 6ae553502655d40a3aab7e213601500e5afe0f87
  FormatterKit: bddde83e054edf9d9ee14f9de3b3a5103db256f4
  GPUImage: 4675ce4a5370ca92fcea8623b2a08b8f0c51b940
  ISO8601DateFormatter: ab926648eebe497f4d167c0fd083992f959f1274
  JNWSpringAnimation: cd4c2f4464324f63f176c3624ffccf205211a100
  MCUIColorUtils: 6f11e1702db4ff5419d28cba1e8f7a82dd82d5fe
  MCUIImageAdvanced: fbc5873532933a17317fa02b45daf715565b8608
  MCUIViewLayout: d74cba371bf831a66ed52412763274b6a04f5835
  MGImageUtilities: 73c885bf04fd7b21b11fbd132606e05200b12bf7
  pop: 628ffc631644601567ee8bfaaaea493ebd7d0923
  SDWebImage: 71b7cdc1d1721d6a82ed62889030225f2c249e29
  TTTAttributedLabel: 6f3174aef8e738f44dff97c2eb7d8184f6ab6277

COCOAPODS: 0.37.2
