PODS:
  - Aubergiste (0.0.1):
    - ISO8601DateFormatter
  - FormatterKit (1.8.0):
    - FormatterKit/AddressFormatter (= 1.8.0)
    - FormatterKit/ArrayFormatter (= 1.8.0)
    - FormatterKit/ColorFormatter (= 1.8.0)
    - FormatterKit/LocationFormatter (= 1.8.0)
    - FormatterKit/NameFormatter (= 1.8.0)
    - FormatterKit/OrdinalNumberFormatter (= 1.8.0)
    - FormatterKit/TimeIntervalFormatter (= 1.8.0)
    - FormatterKit/UnitOfInformationFormatter (= 1.8.0)
    - FormatterKit/URLRequestFormatter (= 1.8.0)
  - FormatterKit/AddressFormatter (1.8.0)
  - FormatterKit/ArrayFormatter (1.8.0)
  - FormatterKit/ColorFormatter (1.8.0)
  - FormatterKit/LocationFormatter (1.8.0)
  - FormatterKit/NameFormatter (1.8.0)
  - FormatterKit/OrdinalNumberFormatter (1.8.0)
  - FormatterKit/TimeIntervalFormatter (1.8.0)
  - FormatterKit/UnitOfInformationFormatter (1.8.0)
  - FormatterKit/URLRequestFormatter (1.8.0)
  - GPUImage (0.1.6)
  - ISO8601DateFormatter (0.7)
  - JNWSpringAnimation (0.7.1)
  - Keys (1.0.0)
  - MCCollectionTypeSafety (0.1.2)
  - MCUIColorUtils (1.0.0)
  - MCUIImageAdvanced (0.2.7):
    - MGImageUtilities
  - MCUIViewLayout (0.3.4)
  - MGImageUtilities (0.0.1)
  - MRGArchitect (0.4.2)
  - pop (1.0.7)
  - SDWebImage (3.7.2):
    - SDWebImage/Core (= 3.7.2)
  - SDWebImage/Core (3.7.2)
  - TTTAttributedLabel (1.13.4)

DEPENDENCIES:
  - Aubergiste (from `git@github.com:mirego/Aubergiste.git`)
  - FormatterKit
  - GPUImage
  - JNWSpringAnimation
  - Keys (from `Pods/CocoaPodsKeys`)
  - MCCollectionTypeSafety (from `https://github.com/mirego/MCCollectionTypeSafety.git`)
  - MCUIColorUtils (~> 1.0.0)
  - MCUIImageAdvanced (~> 0.2.5)
  - MCUIViewLayout (~> 0.3.4)
  - MRGArchitect (from `git@github.com:mirego/MRGArchitect.git`, tag `0.4.2`)
  - pop (~> 1.0)
  - SDWebImage
  - TTTAttributedLabel

EXTERNAL SOURCES:
  Aubergiste:
    :git: git@github.com:mirego/Aubergiste.git
  Keys:
    :path: Pods/CocoaPodsKeys
  MCCollectionTypeSafety:
    :git: https://github.com/mirego/MCCollectionTypeSafety.git
  MRGArchitect:
    :git: git@github.com:mirego/MRGArchitect.git
    :tag: 0.4.2

CHECKOUT OPTIONS:
  Aubergiste:
    :commit: 66684d2f3e0ac0d268f9a641a41f1efe50fd5dc8
    :git: git@github.com:mirego/Aubergiste.git
  MCCollectionTypeSafety:
    :commit: 79caa8ff5a53251b2e7fc235b76a266e8c3ee58f
    :git: https://github.com/mirego/MCCollectionTypeSafety.git
  MRGArchitect:
    :git: git@github.com:mirego/MRGArchitect.git
    :tag: 0.4.2

SPEC CHECKSUMS:
  Aubergiste: 6ae553502655d40a3aab7e213601500e5afe0f87
  FormatterKit: bddde83e054edf9d9ee14f9de3b3a5103db256f4
  GPUImage: 4675ce4a5370ca92fcea8623b2a08b8f0c51b940
  ISO8601DateFormatter: ab926648eebe497f4d167c0fd083992f959f1274
  JNWSpringAnimation: cd4c2f4464324f63f176c3624ffccf205211a100
  Keys: 9c35bf00f612ee1d48556f4a4b9b4551e224e90f
  MCCollectionTypeSafety: 6907ffb1d98f75e3bf5a72f52e32e75bef73b3d4
  MCUIColorUtils: 6f11e1702db4ff5419d28cba1e8f7a82dd82d5fe
  MCUIImageAdvanced: fbc5873532933a17317fa02b45daf715565b8608
  MCUIViewLayout: d74cba371bf831a66ed52412763274b6a04f5835
  MGImageUtilities: 73c885bf04fd7b21b11fbd132606e05200b12bf7
  MRGArchitect: 73502ea167d0f557db4d80b4fc73be5ef359449e
  pop: 628ffc631644601567ee8bfaaaea493ebd7d0923
  SDWebImage: 71b7cdc1d1721d6a82ed62889030225f2c249e29
  TTTAttributedLabel: 0a2ac7b2dd726d32a070dafb01446026b11e624f

PODFILE CHECKSUM: 682bb396a47313f867d39cfadd497b15b27f204d

COCOAPODS: 1.2.1
